
Microsoft Visual Studio Solution File, Format Version 12.00
# Visual Studio 15
VisualStudioVersion = 15.0.28307.572
MinimumVisualStudioVersion = 10.0.40219.1
Project("{FAE04EC0-301F-11D3-BF4B-00C04F79EFBC}") = "Library", "Library\Library.csproj", "{E97BAEF7-3E9E-46DE-8DED-A6F1DA558D8A}"
EndProject
Project("{FAE04EC0-301F-11D3-BF4B-00C04F79EFBC}") = "LibraryData", "LibraryData\LibraryData.csproj", "{1F3C9983-D58A-4249-BFEB-1338FF3C7F2D}"
EndProject
Project("{FAE04EC0-301F-11D3-BF4B-00C04F79EFBC}") = "LibraryServices", "LibraryServices\LibraryServices.csproj", "{7BDFD32D-33DA-44FD-A0A5-5561AA33F644}"
EndProject
Global
	GlobalSection(SolutionConfigurationPlatforms) = preSolution
		Debug|Any CPU = Debug|Any CPU
		Release|Any CPU = Release|Any CPU
	EndGlobalSection
	GlobalSection(ProjectConfigurationPlatforms) = postSolution
		{E97BAEF7-3E9E-46DE-8DED-A6F1DA558D8A}.Debug|Any CPU.ActiveCfg = Debug|Any CPU
		{E97BAEF7-3E9E-46DE-8DED-A6F1DA558D8A}.Debug|Any CPU.Build.0 = Debug|Any CPU
		{E97BAEF7-3E9E-46DE-8DED-A6F1DA558D8A}.Release|Any CPU.ActiveCfg = Release|Any CPU
		{E97BAEF7-3E9E-46DE-8DED-A6F1DA558D8A}.Release|Any CPU.Build.0 = Release|Any CPU
		{1F3C9983-D58A-4249-BFEB-1338FF3C7F2D}.Debug|Any CPU.ActiveCfg = Debug|Any CPU
		{1F3C9983-D58A-4249-BFEB-1338FF3C7F2D}.Debug|Any CPU.Build.0 = Debug|Any CPU
		{1F3C9983-D58A-4249-BFEB-1338FF3C7F2D}.Release|Any CPU.ActiveCfg = Release|Any CPU
		{1F3C9983-D58A-4249-BFEB-1338FF3C7F2D}.Release|Any CPU.Build.0 = Release|Any CPU
		{7BDFD32D-33DA-44FD-A0A5-5561AA33F644}.Debug|Any CPU.ActiveCfg = Debug|Any CPU
		{7BDFD32D-33DA-44FD-A0A5-5561AA33F644}.Debug|Any CPU.Build.0 = Debug|Any CPU
		{7BDFD32D-33DA-44FD-A0A5-5561AA33F644}.Release|Any CPU.ActiveCfg = Release|Any CPU
		{7BDFD32D-33DA-44FD-A0A5-5561AA33F644}.Release|Any CPU.Build.0 = Release|Any CPU
	EndGlobalSection
	GlobalSection(SolutionProperties) = preSolution
		HideSolutionNode = FALSE
	EndGlobalSection
	GlobalSection(ExtensibilityGlobals) = postSolution
		SolutionGuid = {519C406F-6326-4EE8-B0D2-46EB39DFD11B}
	EndGlobalSection
EndGlobal
